<Solution>
  <Folder Name="/src/">
    <Project Path="src/BeeDay.Domain/BeeDay.Domain.csproj" />
    <Project Path="src/BeeDay.Application/BeeDay.Application.csproj" />
    <Project Path="src/BeeDay.Infrastructure/BeeDay.Infrastructure.csproj" />
    <Project Path="src/BeeDay.Web/BeeDay.Web.csproj" />
  </Folder>
  <Folder Name="/tests/">
    <Project Path="tests/BeeDay.Domain.Tests/BeeDay.Domain.Tests.csproj" />
    <Project Path="tests/BeeDay.Application.Tests/BeeDay.Application.Tests.csproj" />
    <Project Path="tests/BeeDay.Infrastructure.Tests/BeeDay.Infrastructure.Tests.csproj" />
    <Project Path="tests/BeeDay.Web.Tests/BeeDay.Web.Tests.csproj" />
    <Project Path="tests/BeeDay.E2E.Tests/BeeDay.E2E.Tests.csproj" />
  </Folder>
  <Folder Name="/Solution Items/">
    <File Path=".editorconfig" />
    <File Path=".gitattributes" />
    <File Path=".gitignore" />
    <File Path="CLAUDE.md" />
    <File Path="Directory.Build.props" />
    <File Path="Directory.Packages.props" />
    <File Path="LICENSE" />
    <File Path="README.md" />
    <File Path="docs/README.md" />
    <File Path="docs/architecture/README.md" />
    <File Path="docs/design-system/README.md" />
    <File Path="docs/developer/README.md" />
    <File Path="docs/domain/README.md" />
  </Folder>
</Solution>
