<Solution>
  <Folder Name="/src/">
    <Folder Name="/src/Core/">
      <Project Path="src/LevelUp.Domain/LevelUp.Domain.csproj" />
      <Project Path="src/LevelUp.Application/LevelUp.Application.csproj" />
    </Folder>
    <Folder Name="/src/Infrastructure/">
      <Project Path="src/LevelUp.Infrastructure/LevelUp.Infrastructure.csproj" />
    </Folder>
    <Folder Name="/src/Presentation/">
      <Project Path="src/LevelUp.Web/LevelUp.Web.csproj" />
    </Folder>
  </Folder>
  <Folder Name="/tests/">
    <Project Path="tests/LevelUp.Domain.Tests/LevelUp.Domain.Tests.csproj" />
    <Project Path="tests/LevelUp.Application.Tests/LevelUp.Application.Tests.csproj" />
    <Project Path="tests/LevelUp.Infrastructure.Tests/LevelUp.Infrastructure.Tests.csproj" />
    <Project Path="tests/LevelUp.Web.Tests/LevelUp.Web.Tests.csproj" />
  </Folder>
  <Folder Name="/Solution Items/">
    <File Path=".editorconfig" />
    <File Path=".gitignore" />
    <File Path="Directory.Build.props" />
    <File Path="Directory.Packages.props" />
    <File Path="README.md" />
    <File Path="REFACTORING.md" />
    <File Path="STAGE-1.md" />
    <File Path="STAGE-2.md" />
    <File Path="STAGE-3.md" />
    <File Path="STAGE-4.md" />
  </Folder>
</Solution>
