<Solution>
  <Folder Name="/src/">
    <Folder Name="/src/Core/">
      <Project Path="src/LevelUp.Domain/LevelUp.Domain.csproj" />
      <Project Path="src/LevelUp.Application/LevelUp.Application.csproj" />
    </Folder>
    <Folder Name="/src/Infrastructure/">
      <Project Path="src/LevelUp.Infrastructure/LevelUp.Infrastructure.csproj" />
    </Folder>
    <Folder Name="/src/Presentation/">
      <Project Path="src/LevelUp.Web/LevelUp.Web.csproj" />
    </Folder>
  </Folder>
  <Folder Name="/tests/">
    <Project Path="tests/LevelUp.Domain.Tests/LevelUp.Domain.Tests.csproj" />
    <Project Path="tests/LevelUp.Application.Tests/LevelUp.Application.Tests.csproj" />
    <Project Path="tests/LevelUp.Infrastructure.Tests/LevelUp.Infrastructure.Tests.csproj" />
    <Project Path="tests/LevelUp.Web.Tests/LevelUp.Web.Tests.csproj" />
    <Project Path="tests/LevelUp.E2E.Tests/LevelUp.E2E.Tests.csproj" />
  </Folder>
  <Folder Name="/Solution Items/">
    <File Path=".editorconfig" />
    <File Path=".gitattributes" />
    <File Path=".gitignore" />
    <File Path="CLAUDE.md" />
    <File Path="Directory.Build.props" />
    <File Path="Directory.Packages.props" />
    <File Path="LICENSE" />
    <File Path="README.md" />
    <File Path="docs/README.md" />
    <File Path="docs/ai/README.md" />
    <File Path="docs/architecture/README.md" />
    <File Path="docs/design-system/README.md" />
    <File Path="docs/development/README.md" />
    <File Path="docs/domain/README.md" />
  </Folder>
</Solution>
